
Microsoft Visual Studio Solution File, Format Version 12.00
# Visual Studio 15
VisualStudioVersion = 15.0.28010.2026
MinimumVisualStudioVersion = 10.0.40219.1
Project("{FAE04EC0-301F-11D3-BF4B-00C04F79EFBC}") = "getv2", "getv2\getv2.csproj", "{5C811F03-452F-4252-BAB2-5E0DF1E3FFFD}"
EndProject
Global
	GlobalSection(SolutionConfigurationPlatforms) = preSolution
		Debug|Any CPU = Debug|Any CPU
		Release|Any CPU = Release|Any CPU
	EndGlobalSection
	GlobalSection(ProjectConfigurationPlatforms) = postSolution
		{5C811F03-452F-4252-BAB2-5E0DF1E3FFFD}.Debug|Any CPU.ActiveCfg = Debug|Any CPU
		{5C811F03-452F-4252-BAB2-5E0DF1E3FFFD}.Debug|Any CPU.Build.0 = Debug|Any CPU
		{5C811F03-452F-4252-BAB2-5E0DF1E3FFFD}.Release|Any CPU.ActiveCfg = Release|Any CPU
		{5C811F03-452F-4252-BAB2-5E0DF1E3FFFD}.Release|Any CPU.Build.0 = Release|Any CPU
	EndGlobalSection
	GlobalSection(SolutionProperties) = preSolution
		HideSolutionNode = FALSE
	EndGlobalSection
	GlobalSection(ExtensibilityGlobals) = postSolution
		SolutionGuid = {A13D2A19-BAFA-41B1-80BF-A2F48899A9E9}
	EndGlobalSection
EndGlobal
